{
  "nodes": {
    "darwin": {
      "inputs": {
        "nixpkgs": [
          "nixpkgs"
        ]
      },
      "locked": {
        "lastModified": 1733302587,
        "narHash": "sha256-iIJoFsmQp0/nWRhO5c9uCGN4z2ZAJlYfqzyNBoiwASc=",
        "owner": "LnL7",
        "repo": "nix-darwin",
        "rev": "e7a71f8ec55564f54791e0bd9274f2910c86f8f2",
        "type": "github"
      },
      "original": {
        "owner": "LnL7",
        "repo": "nix-darwin",
        "type": "github"
      }
    },
    "hm": {
      "inputs": {
        "nixpkgs": [
          "nixpkgs"
        ]
      },
      "locked": {
        "lastModified": 1733304249,
        "narHash": "sha256-o6wNhr1ONxMuBJUGC9v0hEjFdv5rN6XzHJEL/rQJLjA=",
        "owner": "nix-community",
        "repo": "home-manager",
        "rev": "6c3a7a0b72c19ec994b85c57a1712d177bd809b2",
        "type": "github"
      },
      "original": {
        "owner": "nix-community",
        "repo": "home-manager",
        "type": "github"
      }
    },
    "nixpkgs": {
      "locked": {
        "lastModified": 1733097829,
        "narHash": "sha256-9hbb1rqGelllb4kVUCZ307G2k3/UhmA8PPGBoyuWaSw=",
        "owner": "NixOS",
        "repo": "nixpkgs",
        "rev": "2c15aa59df0017ca140d9ba302412298ab4bf22a",
        "type": "github"
      },
      "original": {
        "owner": "NixOS",
        "ref": "nixpkgs-unstable",
        "repo": "nixpkgs",
        "type": "github"
      }
    },
    "root": {
      "inputs": {
        "darwin": "darwin",
        "hm": "hm",
        "nixpkgs": "nixpkgs"
      }
    }
  },
  "root": "root",
  "version": 7
}
